
Microsoft Visual Studio Solution File, Format Version 12.00
# Visual Studio Version 16
VisualStudioVersion = 16.0.29424.173
MinimumVisualStudioVersion = 10.0.40219.1
Project("{9A19103F-16F7-4668-BE54-9A1E7A4F7556}") = "TestConsole", "TestConsole\TestConsole.csproj", "{B8CEE6CA-79C5-45C6-90FC-DABAF9163223}"
EndProject
Project("{9A19103F-16F7-4668-BE54-9A1E7A4F7556}") = "KMP", "KMP\KMP.csproj", "{8BCC500B-5226-4E75-8299-6A46CBE9B902}"
EndProject
Project("{9A19103F-16F7-4668-BE54-9A1E7A4F7556}") = "MergeSort", "MergeSort\MergeSort.csproj", "{28BD3527-8B32-4A3D-9766-B023055EABB1}"
EndProject
Project("{9A19103F-16F7-4668-BE54-9A1E7A4F7556}") = "QuickSort", "QuickSort\QuickSort.csproj", "{80DC34E2-F235-4FF5-8C65-8CF5E2698ECF}"
EndProject
Project("{FAE04EC0-301F-11D3-BF4B-00C04F79EFBC}") = "QuickSortVer2", "QuickSortVer2\QuickSortVer2.csproj", "{C1BA5A86-908D-4EA8-9585-ED73195C28E7}"
EndProject
Global
	GlobalSection(SolutionConfigurationPlatforms) = preSolution
		Debug|Any CPU = Debug|Any CPU
		Release|Any CPU = Release|Any CPU
	EndGlobalSection
	GlobalSection(ProjectConfigurationPlatforms) = postSolution
		{B8CEE6CA-79C5-45C6-90FC-DABAF9163223}.Debug|Any CPU.ActiveCfg = Debug|Any CPU
		{B8CEE6CA-79C5-45C6-90FC-DABAF9163223}.Debug|Any CPU.Build.0 = Debug|Any CPU
		{B8CEE6CA-79C5-45C6-90FC-DABAF9163223}.Release|Any CPU.ActiveCfg = Release|Any CPU
		{B8CEE6CA-79C5-45C6-90FC-DABAF9163223}.Release|Any CPU.Build.0 = Release|Any CPU
		{8BCC500B-5226-4E75-8299-6A46CBE9B902}.Debug|Any CPU.ActiveCfg = Debug|Any CPU
		{8BCC500B-5226-4E75-8299-6A46CBE9B902}.Debug|Any CPU.Build.0 = Debug|Any CPU
		{8BCC500B-5226-4E75-8299-6A46CBE9B902}.Release|Any CPU.ActiveCfg = Release|Any CPU
		{8BCC500B-5226-4E75-8299-6A46CBE9B902}.Release|Any CPU.Build.0 = Release|Any CPU
		{28BD3527-8B32-4A3D-9766-B023055EABB1}.Debug|Any CPU.ActiveCfg = Debug|Any CPU
		{28BD3527-8B32-4A3D-9766-B023055EABB1}.Debug|Any CPU.Build.0 = Debug|Any CPU
		{28BD3527-8B32-4A3D-9766-B023055EABB1}.Release|Any CPU.ActiveCfg = Release|Any CPU
		{28BD3527-8B32-4A3D-9766-B023055EABB1}.Release|Any CPU.Build.0 = Release|Any CPU
		{80DC34E2-F235-4FF5-8C65-8CF5E2698ECF}.Debug|Any CPU.ActiveCfg = Debug|Any CPU
		{80DC34E2-F235-4FF5-8C65-8CF5E2698ECF}.Debug|Any CPU.Build.0 = Debug|Any CPU
		{80DC34E2-F235-4FF5-8C65-8CF5E2698ECF}.Release|Any CPU.ActiveCfg = Release|Any CPU
		{80DC34E2-F235-4FF5-8C65-8CF5E2698ECF}.Release|Any CPU.Build.0 = Release|Any CPU
		{C1BA5A86-908D-4EA8-9585-ED73195C28E7}.Debug|Any CPU.ActiveCfg = Debug|Any CPU
		{C1BA5A86-908D-4EA8-9585-ED73195C28E7}.Debug|Any CPU.Build.0 = Debug|Any CPU
		{C1BA5A86-908D-4EA8-9585-ED73195C28E7}.Release|Any CPU.ActiveCfg = Release|Any CPU
		{C1BA5A86-908D-4EA8-9585-ED73195C28E7}.Release|Any CPU.Build.0 = Release|Any CPU
	EndGlobalSection
	GlobalSection(SolutionProperties) = preSolution
		HideSolutionNode = FALSE
	EndGlobalSection
	GlobalSection(ExtensibilityGlobals) = postSolution
		SolutionGuid = {9884FF63-BA71-4BBE-AA7E-F5315233E828}
	EndGlobalSection
EndGlobal
